
Microsoft Visual Studio Solution File, Format Version 12.00
# Visual Studio Version 17
VisualStudioVersion = 17.10.34607.79
MinimumVisualStudioVersion = 10.0.40219.1
Project("{FAE04EC0-301F-11D3-BF4B-00C04F79EFBC}") = "FazendaSuinos", "FazendaSuinos.csproj", "{2977F4C5-1EB0-4E2C-B794-08BC90AA1CBE}"
EndProject
Global
	GlobalSection(SolutionConfigurationPlatforms) = preSolution
		Debug|Any CPU = Debug|Any CPU
		Release|Any CPU = Release|Any CPU
	EndGlobalSection
	GlobalSection(ProjectConfigurationPlatforms) = postSolution
		{2977F4C5-1EB0-4E2C-B794-08BC90AA1CBE}.Debug|Any CPU.ActiveCfg = Debug|Any CPU
		{2977F4C5-1EB0-4E2C-B794-08BC90AA1CBE}.Debug|Any CPU.Build.0 = Debug|Any CPU
		{2977F4C5-1EB0-4E2C-B794-08BC90AA1CBE}.Release|Any CPU.ActiveCfg = Release|Any CPU
		{2977F4C5-1EB0-4E2C-B794-08BC90AA1CBE}.Release|Any CPU.Build.0 = Release|Any CPU
	EndGlobalSection
	GlobalSection(SolutionProperties) = preSolution
		HideSolutionNode = FALSE
	EndGlobalSection
	GlobalSection(ExtensibilityGlobals) = postSolution
		SolutionGuid = {309823A3-AA80-4F79-AC60-EB1060FEF2AB}
	EndGlobalSection
EndGlobal
